
Microsoft Visual Studio Solution File, Format Version 12.00
# Visual Studio 15
Project("{FAE04EC0-301F-11D3-BF4B-00C04F79EFBC}") = "MerryYellow.CodeAssist.Editor", "MerryYellow.CodeAssist.Editor.csproj", "{C51CBFA0-BF1D-77BE-6A04-A34234CB8C81}"
EndProject
Project("{FAE04EC0-301F-11D3-BF4B-00C04F79EFBC}") = "Assembly-CSharp", "Assembly-CSharp.csproj", "{01F55242-C538-A75F-DC73-5B6B6AB52EF7}"
EndProject
Global
	GlobalSection(SolutionConfigurationPlatforms) = preSolution
		Debug|Any CPU = Debug|Any CPU
		Release|Any CPU = Release|Any CPU
	EndGlobalSection
	GlobalSection(ProjectConfigurationPlatforms) = postSolution
		{C51CBFA0-BF1D-77BE-6A04-A34234CB8C81}.Debug|Any CPU.ActiveCfg = Debug|Any CPU
		{C51CBFA0-BF1D-77BE-6A04-A34234CB8C81}.Debug|Any CPU.Build.0 = Debug|Any CPU
		{C51CBFA0-BF1D-77BE-6A04-A34234CB8C81}.Release|Any CPU.ActiveCfg = Release|Any CPU
		{C51CBFA0-BF1D-77BE-6A04-A34234CB8C81}.Release|Any CPU.Build.0 = Release|Any CPU
		{01F55242-C538-A75F-DC73-5B6B6AB52EF7}.Debug|Any CPU.ActiveCfg = Debug|Any CPU
		{01F55242-C538-A75F-DC73-5B6B6AB52EF7}.Debug|Any CPU.Build.0 = Debug|Any CPU
		{01F55242-C538-A75F-DC73-5B6B6AB52EF7}.Release|Any CPU.ActiveCfg = Release|Any CPU
		{01F55242-C538-A75F-DC73-5B6B6AB52EF7}.Release|Any CPU.Build.0 = Release|Any CPU
	EndGlobalSection
	GlobalSection(SolutionProperties) = preSolution
		HideSolutionNode = FALSE
	EndGlobalSection
EndGlobal
